{
  "name": "frontend-prototyper",
  "version": "1.0.0",
  "lockfileVersion": 1,
  "requires": true,
  "dependencies": {
    "acorn": {
      "version": "5.0.3",
      "resolved": "https://npm.squarespace.net:8443/a/acorn/_attachments/acorn-5.0.3.tgz",
      "integrity": "sha1-xGDfCEkUY/AozLguqzcwvwEIez0=",
      "dev": true
    },
    "acorn-dynamic-import": {
      "version": "2.0.2",
      "resolved": "https://npm.squarespace.net:8443/a/acorn-dynamic-import/_attachments/acorn-dynamic-import-2.0.2.tgz",
      "integrity": "sha1-x1K9IQvvZ5UBtsbLf8hPj0cVjMQ=",
      "dev": true,
      "dependencies": {
        "acorn": {
          "version": "4.0.13",
          "resolved": "https://npm.squarespace.net:8443/a/acorn/_attachments/acorn-4.0.13.tgz",
          "integrity": "sha1-EFSVrlNh1pe9GVyCUZLhrX8lN4c=",
          "dev": true
        }
      }
    },
    "ajv": {
      "version": "4.11.8",
      "resolved": "https://npm.squarespace.net:8443/a/ajv/_attachments/ajv-4.11.8.tgz",
      "integrity": "sha1-gv+wKynmYq5TvcIK8VlHcGc5xTY=",
      "dev": true
    },
    "ajv-keywords": {
      "version": "1.5.1",
      "resolved": "https://npm.squarespace.net:8443/a/ajv-keywords/_attachments/ajv-keywords-1.5.1.tgz",
      "integrity": "sha1-MU3QpLM2j609/NxU7eYXG4htrzw=",
      "dev": true
    },
    "async": {
      "version": "2.4.1",
      "resolved": "https://npm.squarespace.net:8443/a/async/_attachments/async-2.4.1.tgz",
      "integrity": "sha1-YqVrJ5yYoR0JhwlqAcw+6463u9c=",
      "dev": true,
      "requires": {
        "lodash": "4.17.4"
      }
    },
    "big.js": {
      "version": "3.1.3",
      "resolved": "https://npm.squarespace.net:8443/b/big.js/_attachments/big.js-3.1.3.tgz",
      "integrity": "sha1-TK2iGTZS6zyp7I5VyQFWacmAaXg="
    },
    "builtin-modules": {
      "version": "1.1.1",
      "resolved": "https://npm.squarespace.net:8443/b/builtin-modules/_attachments/builtin-modules-1.1.1.tgz",
      "integrity": "sha1-Jw8HbFpywC9bZaR9+Uxf46J4iS8=",
      "dev": true
    },
    "chokidar": {
      "version": "1.7.0",
      "resolved": "https://npm.squarespace.net:8443/c/chokidar/_attachments/chokidar-1.7.0.tgz",
      "integrity": "sha1-eY5ol3gVHIB2tLNg5e3SjNortGg=",
      "dev": true
    },
    "clone": {
      "version": "2.1.1",
      "resolved": "https://npm.squarespace.net:8443/c/clone/_attachments/clone-2.1.1.tgz",
      "integrity": "sha1-0hfR6WERjjrJpLi7oyhVU79kfNs=",
      "dev": true
    },
    "contains-path": {
      "version": "0.1.0",
      "resolved": "https://npm.squarespace.net:8443/c/contains-path/_attachments/contains-path-0.1.0.tgz",
      "integrity": "sha1-/ozxhP9mcLa67wGp1IYaXL7EEgo=",
      "dev": true
    },
    "css-loader": {
      "version": "0.28.4",
      "resolved": "https://npm.squarespace.net:8443/c/css-loader/_attachments/css-loader-0.28.4.tgz",
      "integrity": "sha1-bPNXkZLONV6LONX0Ldeh8uyJjQ8=",
      "dependencies": {
        "loader-utils": {
          "version": "1.1.0",
          "resolved": "https://npm.squarespace.net:8443/l/loader-utils/_attachments/loader-utils-1.1.0.tgz",
          "integrity": "sha1-yYrvSIvM7aL/teLeZG1qdUQp9c0="
        },
        "source-list-map": {
          "version": "0.1.8",
          "resolved": "https://npm.squarespace.net:8443/s/source-list-map/_attachments/source-list-map-0.1.8.tgz",
          "integrity": "sha1-xVCyq1Qn9rPyH1r+rYjE9Vh7IQY="
        }
      }
    },
    "debug": {
      "version": "2.6.8",
      "resolved": "https://npm.squarespace.net:8443/d/debug/_attachments/debug-2.6.8.tgz",
      "integrity": "sha1-5zFTHKLt4n0YgiJCfaF4IdaP9Pw=",
      "dev": true,
      "requires": {
        "ms": "2.0.0"
      }
    },
    "emojis-list": {
      "version": "2.1.0",
      "resolved": "https://npm.squarespace.net:8443/e/emojis-list/_attachments/emojis-list-2.1.0.tgz",
      "integrity": "sha1-TapNnbAPmBmIDHn6RXrlsJof04k="
    },
    "enhanced-resolve": {
      "version": "3.1.0",
      "resolved": "https://npm.squarespace.net:8443/e/enhanced-resolve/_attachments/enhanced-resolve-3.1.0.tgz",
      "integrity": "sha1-n0tib1dyRe3PSyrYPYbhf09CHew=",
      "dev": true,
      "requires": {
        "graceful-fs": "4.1.11",
        "memory-fs": "0.4.1",
        "object-assign": "4.1.1",
        "tapable": "0.2.6"
      }
    },
    "eslint": {
      "version": "3.19.0",
      "resolved": "https://npm.squarespace.net:8443/e/eslint/_attachments/eslint-3.19.0.tgz",
      "integrity": "sha1-yPxiAcf0DdCJQbh8CFdnOGpnmsw=",
      "dev": true
    },
    "eslint-config-airbnb-base": {
      "version": "11.2.0",
      "resolved": "https://npm.squarespace.net:8443/e/eslint-config-airbnb-base/_attachments/eslint-config-airbnb-base-11.2.0.tgz",
      "integrity": "sha1-GancRIGib3CQRUXsBAEWh2AY+FM=",
      "dev": true
    },
    "eslint-import-resolver-node": {
      "version": "0.2.3",
      "resolved": "https://npm.squarespace.net:8443/e/eslint-import-resolver-node/_attachments/eslint-import-resolver-node-0.2.3.tgz",
      "integrity": "sha1-Wt2BBujJKNssuiMrzZ76hG49oWw=",
      "dev": true,
      "requires": {
        "debug": "2.6.8",
        "object-assign": "4.1.1",
        "resolve": "1.3.3"
      }
    },
    "eslint-module-utils": {
      "version": "2.0.0",
      "resolved": "https://npm.squarespace.net:8443/e/eslint-module-utils/_attachments/eslint-module-utils-2.0.0.tgz",
      "integrity": "sha1-pvjCHZATWHWc3DXbrBmCrh7li84=",
      "dev": true,
      "requires": {
        "debug": "2.2.0",
        "pkg-dir": "1.0.0"
      },
      "dependencies": {
        "debug": {
          "version": "2.2.0",
          "resolved": "https://npm.squarespace.net:8443/d/debug/_attachments/debug-2.2.0.tgz",
          "integrity": "sha1-+HBX6ZWxofauaklgZkE3vFbwOdo=",
          "dev": true,
          "requires": {
            "ms": "0.7.1"
          }
        },
        "ms": {
          "version": "0.7.1",
          "resolved": "https://npm.squarespace.net:8443/m/ms/_attachments/ms-0.7.1.tgz",
          "integrity": "sha1-nNE8A62/8ltl7/3nzoZO6VIBcJg=",
          "dev": true
        }
      }
    },
    "eslint-plugin-import": {
      "version": "2.3.0",
      "resolved": "https://npm.squarespace.net:8443/e/eslint-plugin-import/_attachments/eslint-plugin-import-2.3.0.tgz",
      "integrity": "sha1-N8gB4K2g4pbL3yDD85OstbUq82s=",
      "dev": true,
      "requires": {
        "builtin-modules": "1.1.1",
        "contains-path": "0.1.0",
        "debug": "2.6.8",
        "doctrine": "1.5.0",
        "eslint-import-resolver-node": "0.2.3",
        "eslint-module-utils": "2.0.0",
        "has": "1.0.1",
        "lodash.cond": "4.5.2",
        "minimatch": "3.0.4",
        "read-pkg-up": "2.0.0"
      },
      "dependencies": {
        "doctrine": {
          "version": "1.5.0",
          "resolved": "https://npm.squarespace.net:8443/d/doctrine/_attachments/doctrine-1.5.0.tgz",
          "integrity": "sha1-N53Ocw9hZvds76TmcHoVmwLFpvo=",
          "dev": true
        }
      }
    },
    "extract-text-webpack-plugin": {
      "version": "2.1.2",
      "resolved": "https://npm.squarespace.net:8443/e/extract-text-webpack-plugin/_attachments/extract-text-webpack-plugin-2.1.2.tgz",
      "integrity": "sha1-dW7076gVXDaBgz+8NNpTuUF0bWw=",
      "dev": true,
      "dependencies": {
        "loader-utils": {
          "version": "1.1.0",
          "resolved": "https://npm.squarespace.net:8443/l/loader-utils/_attachments/loader-utils-1.1.0.tgz",
          "integrity": "sha1-yYrvSIvM7aL/teLeZG1qdUQp9c0=",
          "dev": true
        },
        "source-list-map": {
          "version": "2.0.0",
          "resolved": "https://npm.squarespace.net:8443/s/source-list-map/_attachments/source-list-map-2.0.0.tgz",
          "integrity": "sha512-I2UmuJSRr/T8jisiROLU3A3ltr+swpniSmNPI4Ml3ZCX6tVnDsuZzK7F2hl5jTqbZBWCEKlj5HRQiPExXLgE8A==",
          "dev": true
        },
        "webpack-sources": {
          "version": "1.0.1",
          "resolved": "https://npm.squarespace.net:8443/w/webpack-sources/_attachments/webpack-sources-1.0.1.tgz",
          "integrity": "sha512-05tMxipUCwHqYaVS8xc7sYPTly8PzXayRCB4dTxLhWTqlKUiwH6ezmEe0OSreL1c30LAuA3Zqmc+uEBUGFJDjw==",
          "dev": true
        }
      }
    },
    "graceful-fs": {
      "version": "4.1.11",
      "resolved": "https://npm.squarespace.net:8443/g/graceful-fs/_attachments/graceful-fs-4.1.11.tgz",
      "integrity": "sha1-Dovf5NHduIVNZOBOp8AOKgJuVlg=",
      "dev": true
    },
    "has": {
      "version": "1.0.1",
      "resolved": "https://npm.squarespace.net:8443/h/has/_attachments/has-1.0.1.tgz",
      "integrity": "sha1-hGFzP1OLCDfJNh45qauelwTcLyg="
    },
    "interpret": {
      "version": "1.0.3",
      "resolved": "https://npm.squarespace.net:8443/i/interpret/_attachments/interpret-1.0.3.tgz",
      "integrity": "sha1-y8NcYu7uc/Gat7EKgBURQBr8D5A=",
      "dev": true
    },
    "json-loader": {
      "version": "0.5.4",
      "resolved": "https://npm.squarespace.net:8443/j/json-loader/_attachments/json-loader-0.5.4.tgz",
      "integrity": "sha1-i6oTZaYy9Yo8RtIBdfxgAsluN94=",
      "dev": true
    },
    "json5": {
      "version": "0.5.1",
      "resolved": "https://npm.squarespace.net:8443/j/json5/_attachments/json5-0.5.1.tgz",
      "integrity": "sha1-Hq3nrMASA0rYTiOWdn6tn6VJWCE="
    },
    "less": {
      "version": "2.7.2",
      "resolved": "https://npm.squarespace.net:8443/l/less/_attachments/less-2.7.2.tgz",
      "integrity": "sha1-No1sxz4fsDmBGDKAkYdDxdz5s98=",
      "dev": true
    },
    "less-loader": {
      "version": "4.0.4",
      "resolved": "https://npm.squarespace.net:8443/l/less-loader/_attachments/less-loader-4.0.4.tgz",
      "integrity": "sha1-tKjEOEPmXGfS6i6xRltcQjPVAGo=",
      "dev": true,
      "requires": {
        "clone": "2.1.1",
        "loader-utils": "1.1.0",
        "pify": "2.3.0"
      },
      "dependencies": {
        "loader-utils": {
          "version": "1.1.0",
          "resolved": "https://npm.squarespace.net:8443/l/loader-utils/_attachments/loader-utils-1.1.0.tgz",
          "integrity": "sha1-yYrvSIvM7aL/teLeZG1qdUQp9c0=",
          "dev": true,
          "requires": {
            "big.js": "3.1.3",
            "emojis-list": "2.1.0",
            "json5": "0.5.1"
          }
        }
      }
    },
    "loader-runner": {
      "version": "2.3.0",
      "resolved": "https://npm.squarespace.net:8443/l/loader-runner/_attachments/loader-runner-2.3.0.tgz",
      "integrity": "sha1-9IKuqC1UPgeSFwDVpG7yb9rGuKI=",
      "dev": true
    },
    "loader-utils": {
      "version": "0.2.17",
      "resolved": "https://npm.squarespace.net:8443/l/loader-utils/_attachments/loader-utils-0.2.17.tgz",
      "integrity": "sha1-+G5jdNQyBabmxg6RlvF8Apm/s0g=",
      "dev": true,
      "requires": {
        "big.js": "3.1.3",
        "emojis-list": "2.1.0",
        "json5": "0.5.1",
        "object-assign": "4.1.1"
      }
    },
    "lodash": {
      "version": "4.17.4",
      "resolved": "https://npm.squarespace.net:8443/l/lodash/_attachments/lodash-4.17.4.tgz",
      "integrity": "sha1-eCA6TRwyiuHYbcpkYONptX9AVa4=",
      "dev": true
    },
    "lodash.cond": {
      "version": "4.5.2",
      "resolved": "https://npm.squarespace.net:8443/l/lodash.cond/_attachments/lodash.cond-4.5.2.tgz",
      "integrity": "sha1-9HGh2khr5g9quVXRcRVSPdHSVdU=",
      "dev": true
    },
    "memory-fs": {
      "version": "0.4.1",
      "resolved": "https://npm.squarespace.net:8443/m/memory-fs/_attachments/memory-fs-0.4.1.tgz",
      "integrity": "sha1-OpoguEYlI+RHz7x+i7gO1me/xVI=",
      "dev": true
    },
    "minimatch": {
      "version": "3.0.4",
      "resolved": "https://npm.squarespace.net:8443/m/minimatch/_attachments/minimatch-3.0.4.tgz",
      "integrity": "sha512-yJHVQEhyqPLUTgt9B83PXu6W3rx4MvvHvSUvToogpwoGDOUQ+yDrR0HRot+yOCdCO7u4hX3pWft6kWBBcqh0UA==",
      "dev": true
    },
    "mkdirp": {
      "version": "0.5.1",
      "resolved": "https://npm.squarespace.net:8443/m/mkdirp/_attachments/mkdirp-0.5.1.tgz",
      "integrity": "sha1-MAV0OOrGz3+MR2fzhkjWaX11yQM="
    },
    "ms": {
      "version": "2.0.0",
      "resolved": "https://npm.squarespace.net:8443/m/ms/_attachments/ms-2.0.0.tgz",
      "integrity": "sha1-VgiurfwAvmwpAd9fmGF4jeDVl8g=",
      "dev": true
    },
    "node-libs-browser": {
      "version": "2.0.0",
      "resolved": "https://npm.squarespace.net:8443/n/node-libs-browser/_attachments/node-libs-browser-2.0.0.tgz",
      "integrity": "sha1-o6WeyXAkmFtG6Vg3lkb5bEthZkY=",
      "dev": true,
      "dependencies": {
        "string_decoder": {
          "version": "0.10.31",
          "resolved": "https://npm.squarespace.net:8443/s/string_decoder/_attachments/string_decoder-0.10.31.tgz",
          "integrity": "sha1-YuIDvEF2bGwoyfyEMB2rHFMQ+pQ=",
          "dev": true
        }
      }
    },
    "object-assign": {
      "version": "4.1.1",
      "resolved": "https://npm.squarespace.net:8443/o/object-assign/_attachments/object-assign-4.1.1.tgz",
      "integrity": "sha1-IQmtx5ZYh8/AXLvUQsrIv7s2CGM="
    },
    "path-parse": {
      "version": "1.0.5",
      "resolved": "https://npm.squarespace.net:8443/p/path-parse/_attachments/path-parse-1.0.5.tgz",
      "integrity": "sha1-PBrfhx6pzWyUMbbqK9dKD/BVxME=",
      "dev": true
    },
    "pify": {
      "version": "2.3.0",
      "resolved": "https://npm.squarespace.net:8443/p/pify/_attachments/pify-2.3.0.tgz",
      "integrity": "sha1-7RQaasBDqEnqWISY59yosVMw6Qw=",
      "dev": true
    },
    "pkg-dir": {
      "version": "1.0.0",
      "resolved": "https://npm.squarespace.net:8443/p/pkg-dir/_attachments/pkg-dir-1.0.0.tgz",
      "integrity": "sha1-ektQio1bstYp1EcFb/TpyTFM89Q=",
      "dev": true
    },
    "raw-loader": {
      "version": "0.5.1",
      "resolved": "https://npm.squarespace.net:8443/r/raw-loader/_attachments/raw-loader-0.5.1.tgz",
      "integrity": "sha1-DD0L6u2KAclm2Xh793goElKpeao="
    },
    "read-pkg-up": {
      "version": "2.0.0",
      "resolved": "https://npm.squarespace.net:8443/r/read-pkg-up/_attachments/read-pkg-up-2.0.0.tgz",
      "integrity": "sha1-a3KoBImE4MQeeVEP1en6mbO1Sb4=",
      "dev": true,
      "dependencies": {
        "find-up": {
          "version": "2.1.0",
          "resolved": "https://npm.squarespace.net:8443/f/find-up/_attachments/find-up-2.1.0.tgz",
          "integrity": "sha1-RdG35QbHF93UgndaK3eSCjwMV6c=",
          "dev": true
        }
      }
    },
    "resolve": {
      "version": "1.3.3",
      "resolved": "https://npm.squarespace.net:8443/r/resolve/_attachments/resolve-1.3.3.tgz",
      "integrity": "sha1-ZVkHw0aahoDcLeOidaj91paR8OU=",
      "dev": true,
      "requires": {
        "path-parse": "1.0.5"
      }
    },
    "save-dev": {
      "version": "2.0.0",
      "resolved": "https://npm.squarespace.net:8443/s/save-dev/_attachments/save-dev-2.0.0.tgz",
      "integrity": "sha1-T4wGcD1io/dlcVliNwBbEdVt9Q4="
    },
    "source-list-map": {
      "version": "1.1.2",
      "resolved": "https://npm.squarespace.net:8443/s/source-list-map/_attachments/source-list-map-1.1.2.tgz",
      "integrity": "sha1-mIkBnRAkzOVc3AaUmDN+9hhqEaE=",
      "dev": true
    },
    "source-map": {
      "version": "0.5.6",
      "resolved": "https://npm.squarespace.net:8443/s/source-map/_attachments/source-map-0.5.6.tgz",
      "integrity": "sha1-dc449SvwczxafwwRjYEzSiu19BI="
    },
    "tapable": {
      "version": "0.2.6",
      "resolved": "https://npm.squarespace.net:8443/t/tapable/_attachments/tapable-0.2.6.tgz",
      "integrity": "sha1-IGvo4YiGC1FEJTdebxrom/sB/Y0=",
      "dev": true
    },
    "tiny-lr": {
      "version": "0.2.1",
      "resolved": "https://npm.squarespace.net:8443/t/tiny-lr/_attachments/tiny-lr-0.2.1.tgz",
      "integrity": "sha1-s/26gC5dVqM8L28QeUsy5Hescp0=",
      "dependencies": {
        "debug": {
          "version": "2.2.0",
          "resolved": "https://npm.squarespace.net:8443/d/debug/_attachments/debug-2.2.0.tgz",
          "integrity": "sha1-+HBX6ZWxofauaklgZkE3vFbwOdo="
        },
        "ms": {
          "version": "0.7.1",
          "resolved": "https://npm.squarespace.net:8443/m/ms/_attachments/ms-0.7.1.tgz",
          "integrity": "sha1-nNE8A62/8ltl7/3nzoZO6VIBcJg="
        },
        "qs": {
          "version": "5.1.0",
          "resolved": "https://npm.squarespace.net:8443/q/qs/_attachments/qs-5.1.0.tgz",
          "integrity": "sha1-TZMuXH6kEcynajEtOaYGIA/VDNk="
        }
      }
    },
    "uglify-js": {
      "version": "2.8.28",
      "resolved": "https://npm.squarespace.net:8443/u/uglify-js/_attachments/uglify-js-2.8.28.tgz",
      "integrity": "sha512-WqKNbmNJKzIdIEQu/U2ytgGBbhCy2PVks94GoetczOAJ/zCgVu2CuO7gguI5KPFGPtUtI1dmPQl6h0D4cPzypA==",
      "dev": true,
      "requires": {
        "source-map": "0.5.6",
        "uglify-to-browserify": "1.0.2",
        "yargs": "3.10.0"
      },
      "dependencies": {
        "yargs": {
          "version": "3.10.0",
          "resolved": "https://npm.squarespace.net:8443/y/yargs/_attachments/yargs-3.10.0.tgz",
          "integrity": "sha1-9+572FfdfB0tOMDnTvvWgdFDH9E=",
          "dev": true
        }
      }
    },
    "uglify-to-browserify": {
      "version": "1.0.2",
      "resolved": "https://npm.squarespace.net:8443/u/uglify-to-browserify/_attachments/uglify-to-browserify-1.0.2.tgz",
      "integrity": "sha1-bgkk1r2mta/jSeOabWMoUKD4grc=",
      "dev": true,
      "optional": true
    },
    "watchpack": {
      "version": "1.3.1",
      "resolved": "https://npm.squarespace.net:8443/w/watchpack/_attachments/watchpack-1.3.1.tgz",
      "integrity": "sha1-fYaTkHsozmAT5/NhCqKhrPB9rYc=",
      "dev": true,
      "requires": {
        "async": "2.4.1",
        "chokidar": "1.7.0",
        "graceful-fs": "4.1.11"
      }
    },
    "webpack": {
      "version": "2.6.1",
      "resolved": "https://npm.squarespace.net:8443/w/webpack/_attachments/webpack-2.6.1.tgz",
      "integrity": "sha1-LgRX8KuxrF3zqxBsacZy8jZ4Xwc=",
      "dev": true,
      "requires": {
        "acorn": "5.0.3",
        "acorn-dynamic-import": "2.0.2",
        "ajv": "4.11.8",
        "ajv-keywords": "1.5.1",
        "async": "2.4.1",
        "enhanced-resolve": "3.1.0",
        "interpret": "1.0.3",
        "json-loader": "0.5.4",
        "json5": "0.5.1",
        "loader-runner": "2.3.0",
        "loader-utils": "0.2.17",
        "memory-fs": "0.4.1",
        "mkdirp": "0.5.1",
        "node-libs-browser": "2.0.0",
        "source-map": "0.5.6",
        "supports-color": "3.2.3",
        "tapable": "0.2.6",
        "uglify-js": "2.8.28",
        "watchpack": "1.3.1",
        "webpack-sources": "0.2.3",
        "yargs": "6.6.0"
      },
      "dependencies": {
        "supports-color": {
          "version": "3.2.3",
          "resolved": "https://npm.squarespace.net:8443/s/supports-color/_attachments/supports-color-3.2.3.tgz",
          "integrity": "sha1-ZawFBLOVQXHYpklGsq48u4pfVPY=",
          "dev": true
        }
      }
    },
    "webpack-livereload-plugin": {
      "version": "1.2.0",
      "resolved": "https://registry.npmjs.org/webpack-livereload-plugin/-/webpack-livereload-plugin-1.2.0.tgz",
      "integrity": "sha512-zRMlFe5/NmjL5G47J8GmbEKhd8wZ174c+4vqDHq8VU2T4dWJl/1AmR7zs8nHpgLqhOK0WsRt0hC/2CpvoKAZIw==",
      "dev": true,
      "requires": {
        "tiny-lr": "0.2.1"
      }
    },
    "webpack-sources": {
      "version": "0.2.3",
      "resolved": "https://npm.squarespace.net:8443/w/webpack-sources/_attachments/webpack-sources-0.2.3.tgz",
      "integrity": "sha1-F8Yr+vE8cH+dAsR54Nzd6DgGl/s=",
      "dev": true,
      "requires": {
        "source-list-map": "1.1.2",
        "source-map": "0.5.6"
      }
    },
    "yargs": {
      "version": "6.6.0",
      "resolved": "https://npm.squarespace.net:8443/y/yargs/_attachments/yargs-6.6.0.tgz",
      "integrity": "sha1-eC7CHvQDNF+DCoCMo9UTr1YGUgg=",
      "dev": true,
      "dependencies": {
        "camelcase": {
          "version": "3.0.0",
          "resolved": "https://npm.squarespace.net:8443/c/camelcase/_attachments/camelcase-3.0.0.tgz",
          "integrity": "sha1-MvxLn82vhF/N9+c7uXysImHwqwo=",
          "dev": true
        },
        "cliui": {
          "version": "3.2.0",
          "resolved": "https://npm.squarespace.net:8443/c/cliui/_attachments/cliui-3.2.0.tgz",
          "integrity": "sha1-EgYBU3qRbSmUD5NNo7SNWFo5IT0=",
          "dev": true
        },
        "load-json-file": {
          "version": "1.1.0",
          "resolved": "https://npm.squarespace.net:8443/l/load-json-file/_attachments/load-json-file-1.1.0.tgz",
          "integrity": "sha1-lWkFcI1YtLq0wiYbBPWfMcmTdMA=",
          "dev": true
        },
        "path-type": {
          "version": "1.1.0",
          "resolved": "https://npm.squarespace.net:8443/p/path-type/_attachments/path-type-1.1.0.tgz",
          "integrity": "sha1-WcRPfuSR2nBNpBXaWkBwuk+P5EE=",
          "dev": true
        },
        "read-pkg": {
          "version": "1.1.0",
          "resolved": "https://npm.squarespace.net:8443/r/read-pkg/_attachments/read-pkg-1.1.0.tgz",
          "integrity": "sha1-9f+qXs0pyzHAR0vKfXVra7KePyg=",
          "dev": true
        },
        "read-pkg-up": {
          "version": "1.0.1",
          "resolved": "https://npm.squarespace.net:8443/r/read-pkg-up/_attachments/read-pkg-up-1.0.1.tgz",
          "integrity": "sha1-nWPBMnbAZZGNV/ACpX9AobZD+wI=",
          "dev": true
        },
        "strip-bom": {
          "version": "2.0.0",
          "resolved": "https://npm.squarespace.net:8443/s/strip-bom/_attachments/strip-bom-2.0.0.tgz",
          "integrity": "sha1-YhmoVhZSBJHzV4i9vxRHqZx+aw4=",
          "dev": true
        }
      }
    }
  }
}
